
Microsoft Visual Studio Solution File, Format Version 12.00
# Visual Studio Version 17
VisualStudioVersion = 17.14.36121.58
MinimumVisualStudioVersion = 10.0.40219.1
Project("{FAE04EC0-301F-11D3-BF4B-00C04F79EFBC}") = "Practico.Entidades", "Practico.Entidades\Practico.Entidades.csproj", "{A64F8EE2-33CC-4A49-8F19-EC7D64456718}"
EndProject
Project("{FAE04EC0-301F-11D3-BF4B-00C04F79EFBC}") = "Practico.Dtos", "Practico.Dtos\Practico.Dtos.csproj", "{FC5FAF6B-9F9A-419A-8382-ED7EA971587E}"
EndProject
Project("{FAE04EC0-301F-11D3-BF4B-00C04F79EFBC}") = "Practico.Windows", "Practico.Windows\Practico.Windows.csproj", "{C5A2E6AC-B2EF-4B02-A81A-E15A28C0CAAB}"
EndProject
Global
	GlobalSection(SolutionConfigurationPlatforms) = preSolution
		Debug|Any CPU = Debug|Any CPU
		Release|Any CPU = Release|Any CPU
	EndGlobalSection
	GlobalSection(ProjectConfigurationPlatforms) = postSolution
		{A64F8EE2-33CC-4A49-8F19-EC7D64456718}.Debug|Any CPU.ActiveCfg = Debug|Any CPU
		{A64F8EE2-33CC-4A49-8F19-EC7D64456718}.Debug|Any CPU.Build.0 = Debug|Any CPU
		{A64F8EE2-33CC-4A49-8F19-EC7D64456718}.Release|Any CPU.ActiveCfg = Release|Any CPU
		{A64F8EE2-33CC-4A49-8F19-EC7D64456718}.Release|Any CPU.Build.0 = Release|Any CPU
		{FC5FAF6B-9F9A-419A-8382-ED7EA971587E}.Debug|Any CPU.ActiveCfg = Debug|Any CPU
		{FC5FAF6B-9F9A-419A-8382-ED7EA971587E}.Debug|Any CPU.Build.0 = Debug|Any CPU
		{FC5FAF6B-9F9A-419A-8382-ED7EA971587E}.Release|Any CPU.ActiveCfg = Release|Any CPU
		{FC5FAF6B-9F9A-419A-8382-ED7EA971587E}.Release|Any CPU.Build.0 = Release|Any CPU
		{C5A2E6AC-B2EF-4B02-A81A-E15A28C0CAAB}.Debug|Any CPU.ActiveCfg = Debug|Any CPU
		{C5A2E6AC-B2EF-4B02-A81A-E15A28C0CAAB}.Debug|Any CPU.Build.0 = Debug|Any CPU
		{C5A2E6AC-B2EF-4B02-A81A-E15A28C0CAAB}.Release|Any CPU.ActiveCfg = Release|Any CPU
		{C5A2E6AC-B2EF-4B02-A81A-E15A28C0CAAB}.Release|Any CPU.Build.0 = Release|Any CPU
	EndGlobalSection
	GlobalSection(SolutionProperties) = preSolution
		HideSolutionNode = FALSE
	EndGlobalSection
	GlobalSection(ExtensibilityGlobals) = postSolution
		SolutionGuid = {DC065836-23DB-408C-81E6-1A17B2FC31F7}
	EndGlobalSection
EndGlobal
